
Microsoft Visual Studio Solution File, Format Version 12.00
# Visual Studio Version 16
VisualStudioVersion = 16.0.29409.12
MinimumVisualStudioVersion = 10.0.40219.1
Project("{FAE04EC0-301F-11D3-BF4B-00C04F79EFBC}") = "CookBookAPI", "CookBookAPI\CookBookAPI.csproj", "{9E97A068-3F2D-4699-9728-E4BBB5BDCCAE}"
EndProject
Global
	GlobalSection(SolutionConfigurationPlatforms) = preSolution
		Debug|Any CPU = Debug|Any CPU
		Release|Any CPU = Release|Any CPU
	EndGlobalSection
	GlobalSection(ProjectConfigurationPlatforms) = postSolution
		{9E97A068-3F2D-4699-9728-E4BBB5BDCCAE}.Debug|Any CPU.ActiveCfg = Debug|Any CPU
		{9E97A068-3F2D-4699-9728-E4BBB5BDCCAE}.Debug|Any CPU.Build.0 = Debug|Any CPU
		{9E97A068-3F2D-4699-9728-E4BBB5BDCCAE}.Release|Any CPU.ActiveCfg = Release|Any CPU
		{9E97A068-3F2D-4699-9728-E4BBB5BDCCAE}.Release|Any CPU.Build.0 = Release|Any CPU
	EndGlobalSection
	GlobalSection(SolutionProperties) = preSolution
		HideSolutionNode = FALSE
	EndGlobalSection
	GlobalSection(ExtensibilityGlobals) = postSolution
		SolutionGuid = {38DD6E9E-DD53-47B1-9C53-119637771878}
	EndGlobalSection
EndGlobal
